
Microsoft Visual Studio Solution File, Format Version 12.00
# Visual Studio Version 17
VisualStudioVersion = 17.2.32616.157
MinimumVisualStudioVersion = 10.0.40219.1
Project("{2150E333-8FDC-42A3-9474-1A3956D46DE8}") = "Solution Items", "Solution Items", "{38721009-FDB2-46DC-AD33-24C1CD5B847F}"
	ProjectSection(SolutionItems) = preProject
		.editorconfig = .editorconfig
		Directory.Build.props = Directory.Build.props
	EndProjectSection
EndProject
Project("{2150E333-8FDC-42A3-9474-1A3956D46DE8}") = "src", "src", "{DC257ACE-1569-4E43-87DC-3CA0D9E5590A}"
EndProject
Project("{2150E333-8FDC-42A3-9474-1A3956D46DE8}") = "Center", "Center", "{02EA681E-C7D8-13C7-8484-4AC65E1B71E8}"
EndProject
Project("{2150E333-8FDC-42A3-9474-1A3956D46DE8}") = "Log", "Log", "{FC17D8A6-9862-47B4-A6F5-490ABE62B59D}"
EndProject
Project("{2150E333-8FDC-42A3-9474-1A3956D46DE8}") = "Admin", "Admin", "{1F9B311D-71A2-4B9E-91F8-5BCC95769BB0}"
EndProject
Project("{2150E333-8FDC-42A3-9474-1A3956D46DE8}") = "FastCloud", "FastCloud", "{368BB913-9B9B-4BA5-A4E8-F4B123673F94}"
EndProject
Project("{2150E333-8FDC-42A3-9474-1A3956D46DE8}") = "Deploy", "Deploy", "{1F300B35-41F9-4D57-B304-48F790EE7A5E}"
EndProject
Project("{2150E333-8FDC-42A3-9474-1A3956D46DE8}") = "Gateway", "Gateway", "{88DF992F-CE3E-4EB6-BA9A-7FA397A5F5FF}"
EndProject
Project("{FAE04EC0-301F-11D3-BF4B-00C04F79EFBC}") = "Fast.FastCloud.Entity", "src\FastCloud\FastCloud.Entity\Fast.FastCloud.Entity.csproj", "{CFA917A5-7F6F-243D-0EDD-98E32F0F3070}"
EndProject
Project("{FAE04EC0-301F-11D3-BF4B-00C04F79EFBC}") = "Fast.Center.Entity", "src\Center\Center.Entity\Fast.Center.Entity.csproj", "{EB6898E1-F9F8-5121-1755-A2757227A574}"
EndProject
Project("{FAE04EC0-301F-11D3-BF4B-00C04F79EFBC}") = "Fast.Logs.Entity", "src\Logs\Logs.Entity\Fast.Logs.Entity.csproj", "{5623ED21-B59B-5E34-77C7-EBF5E9FEB72B}"
EndProject
Project("{FAE04EC0-301F-11D3-BF4B-00C04F79EFBC}") = "Fast.Admin.Entity", "src\Admin\Admin.Entity\Fast.Admin.Entity.csproj", "{0A822A73-4A35-5836-60EB-0E19B0B7AF81}"
EndProject
Project("{FAE04EC0-301F-11D3-BF4B-00C04F79EFBC}") = "Fast.Deploy.Entity", "src\Deploy\Deploy.Entity\Fast.Deploy.Entity.csproj", "{7394B181-BB03-35A6-CCCB-6CDC8C8F8F96}"
EndProject
Project("{FAE04EC0-301F-11D3-BF4B-00C04F79EFBC}") = "Fast.Admin.Enum", "src\Admin\Admin.Enum\Fast.Admin.Enum.csproj", "{B5EB5C29-6A46-DADC-1901-D696622E3AF6}"
EndProject
Project("{FAE04EC0-301F-11D3-BF4B-00C04F79EFBC}") = "Fast.Center.Enum", "src\Center\Center.Enum\Fast.Center.Enum.csproj", "{4CF1283A-9E42-54F9-4B57-69A87ECE134D}"
EndProject
Project("{FAE04EC0-301F-11D3-BF4B-00C04F79EFBC}") = "Fast.Deploy.Enum", "src\Deploy\Deploy.Enum\Fast.Deploy.Enum.csproj", "{55148A3D-D8A7-47E1-3C13-137526A80AB1}"
EndProject
Project("{FAE04EC0-301F-11D3-BF4B-00C04F79EFBC}") = "Fast.Logs.Enum", "src\Logs\Logs.Enum\Fast.Logs.Enum.csproj", "{25D78465-39AF-2C4D-AA15-3DEFCB6212A1}"
EndProject
Project("{FAE04EC0-301F-11D3-BF4B-00C04F79EFBC}") = "Fast.FastCloud.Enum", "src\FastCloud\FastCloud.Enum\Fast.FastCloud.Enum.csproj", "{072B6AA2-62FC-E304-27C5-072C7FE8406D}"
EndProject
Global
	GlobalSection(SolutionConfigurationPlatforms) = preSolution
		Debug|Any CPU = Debug|Any CPU
		Release|Any CPU = Release|Any CPU
	EndGlobalSection
	GlobalSection(ProjectConfigurationPlatforms) = postSolution
		{CFA917A5-7F6F-243D-0EDD-98E32F0F3070}.Debug|Any CPU.ActiveCfg = Debug|Any CPU
		{CFA917A5-7F6F-243D-0EDD-98E32F0F3070}.Debug|Any CPU.Build.0 = Debug|Any CPU
		{CFA917A5-7F6F-243D-0EDD-98E32F0F3070}.Release|Any CPU.ActiveCfg = Release|Any CPU
		{CFA917A5-7F6F-243D-0EDD-98E32F0F3070}.Release|Any CPU.Build.0 = Release|Any CPU
		{EB6898E1-F9F8-5121-1755-A2757227A574}.Debug|Any CPU.ActiveCfg = Debug|Any CPU
		{EB6898E1-F9F8-5121-1755-A2757227A574}.Debug|Any CPU.Build.0 = Debug|Any CPU
		{EB6898E1-F9F8-5121-1755-A2757227A574}.Release|Any CPU.ActiveCfg = Release|Any CPU
		{EB6898E1-F9F8-5121-1755-A2757227A574}.Release|Any CPU.Build.0 = Release|Any CPU
		{5623ED21-B59B-5E34-77C7-EBF5E9FEB72B}.Debug|Any CPU.ActiveCfg = Debug|Any CPU
		{5623ED21-B59B-5E34-77C7-EBF5E9FEB72B}.Debug|Any CPU.Build.0 = Debug|Any CPU
		{5623ED21-B59B-5E34-77C7-EBF5E9FEB72B}.Release|Any CPU.ActiveCfg = Release|Any CPU
		{5623ED21-B59B-5E34-77C7-EBF5E9FEB72B}.Release|Any CPU.Build.0 = Release|Any CPU
		{0A822A73-4A35-5836-60EB-0E19B0B7AF81}.Debug|Any CPU.ActiveCfg = Debug|Any CPU
		{0A822A73-4A35-5836-60EB-0E19B0B7AF81}.Debug|Any CPU.Build.0 = Debug|Any CPU
		{0A822A73-4A35-5836-60EB-0E19B0B7AF81}.Release|Any CPU.ActiveCfg = Release|Any CPU
		{0A822A73-4A35-5836-60EB-0E19B0B7AF81}.Release|Any CPU.Build.0 = Release|Any CPU
		{7394B181-BB03-35A6-CCCB-6CDC8C8F8F96}.Debug|Any CPU.ActiveCfg = Debug|Any CPU
		{7394B181-BB03-35A6-CCCB-6CDC8C8F8F96}.Debug|Any CPU.Build.0 = Debug|Any CPU
		{7394B181-BB03-35A6-CCCB-6CDC8C8F8F96}.Release|Any CPU.ActiveCfg = Release|Any CPU
		{7394B181-BB03-35A6-CCCB-6CDC8C8F8F96}.Release|Any CPU.Build.0 = Release|Any CPU
		{B5EB5C29-6A46-DADC-1901-D696622E3AF6}.Debug|Any CPU.ActiveCfg = Debug|Any CPU
		{B5EB5C29-6A46-DADC-1901-D696622E3AF6}.Debug|Any CPU.Build.0 = Debug|Any CPU
		{B5EB5C29-6A46-DADC-1901-D696622E3AF6}.Release|Any CPU.ActiveCfg = Release|Any CPU
		{B5EB5C29-6A46-DADC-1901-D696622E3AF6}.Release|Any CPU.Build.0 = Release|Any CPU
		{4CF1283A-9E42-54F9-4B57-69A87ECE134D}.Debug|Any CPU.ActiveCfg = Debug|Any CPU
		{4CF1283A-9E42-54F9-4B57-69A87ECE134D}.Debug|Any CPU.Build.0 = Debug|Any CPU
		{4CF1283A-9E42-54F9-4B57-69A87ECE134D}.Release|Any CPU.ActiveCfg = Release|Any CPU
		{4CF1283A-9E42-54F9-4B57-69A87ECE134D}.Release|Any CPU.Build.0 = Release|Any CPU
		{55148A3D-D8A7-47E1-3C13-137526A80AB1}.Debug|Any CPU.ActiveCfg = Debug|Any CPU
		{55148A3D-D8A7-47E1-3C13-137526A80AB1}.Debug|Any CPU.Build.0 = Debug|Any CPU
		{55148A3D-D8A7-47E1-3C13-137526A80AB1}.Release|Any CPU.ActiveCfg = Release|Any CPU
		{55148A3D-D8A7-47E1-3C13-137526A80AB1}.Release|Any CPU.Build.0 = Release|Any CPU
		{25D78465-39AF-2C4D-AA15-3DEFCB6212A1}.Debug|Any CPU.ActiveCfg = Debug|Any CPU
		{25D78465-39AF-2C4D-AA15-3DEFCB6212A1}.Debug|Any CPU.Build.0 = Debug|Any CPU
		{25D78465-39AF-2C4D-AA15-3DEFCB6212A1}.Release|Any CPU.ActiveCfg = Release|Any CPU
		{25D78465-39AF-2C4D-AA15-3DEFCB6212A1}.Release|Any CPU.Build.0 = Release|Any CPU
		{072B6AA2-62FC-E304-27C5-072C7FE8406D}.Debug|Any CPU.ActiveCfg = Debug|Any CPU
		{072B6AA2-62FC-E304-27C5-072C7FE8406D}.Debug|Any CPU.Build.0 = Debug|Any CPU
		{072B6AA2-62FC-E304-27C5-072C7FE8406D}.Release|Any CPU.ActiveCfg = Release|Any CPU
		{072B6AA2-62FC-E304-27C5-072C7FE8406D}.Release|Any CPU.Build.0 = Release|Any CPU
	EndGlobalSection
	GlobalSection(SolutionProperties) = preSolution
		HideSolutionNode = FALSE
	EndGlobalSection
	GlobalSection(NestedProjects) = preSolution
		{02EA681E-C7D8-13C7-8484-4AC65E1B71E8} = {DC257ACE-1569-4E43-87DC-3CA0D9E5590A}
		{FC17D8A6-9862-47B4-A6F5-490ABE62B59D} = {DC257ACE-1569-4E43-87DC-3CA0D9E5590A}
		{1F9B311D-71A2-4B9E-91F8-5BCC95769BB0} = {DC257ACE-1569-4E43-87DC-3CA0D9E5590A}
		{368BB913-9B9B-4BA5-A4E8-F4B123673F94} = {DC257ACE-1569-4E43-87DC-3CA0D9E5590A}
		{1F300B35-41F9-4D57-B304-48F790EE7A5E} = {DC257ACE-1569-4E43-87DC-3CA0D9E5590A}
		{CFA917A5-7F6F-243D-0EDD-98E32F0F3070} = {368BB913-9B9B-4BA5-A4E8-F4B123673F94}
		{EB6898E1-F9F8-5121-1755-A2757227A574} = {02EA681E-C7D8-13C7-8484-4AC65E1B71E8}
		{5623ED21-B59B-5E34-77C7-EBF5E9FEB72B} = {FC17D8A6-9862-47B4-A6F5-490ABE62B59D}
		{0A822A73-4A35-5836-60EB-0E19B0B7AF81} = {1F9B311D-71A2-4B9E-91F8-5BCC95769BB0}
		{7394B181-BB03-35A6-CCCB-6CDC8C8F8F96} = {1F300B35-41F9-4D57-B304-48F790EE7A5E}
		{B5EB5C29-6A46-DADC-1901-D696622E3AF6} = {1F9B311D-71A2-4B9E-91F8-5BCC95769BB0}
		{4CF1283A-9E42-54F9-4B57-69A87ECE134D} = {02EA681E-C7D8-13C7-8484-4AC65E1B71E8}
		{55148A3D-D8A7-47E1-3C13-137526A80AB1} = {1F300B35-41F9-4D57-B304-48F790EE7A5E}
		{25D78465-39AF-2C4D-AA15-3DEFCB6212A1} = {FC17D8A6-9862-47B4-A6F5-490ABE62B59D}
		{072B6AA2-62FC-E304-27C5-072C7FE8406D} = {368BB913-9B9B-4BA5-A4E8-F4B123673F94}
	EndGlobalSection
	GlobalSection(ExtensibilityGlobals) = postSolution
		SolutionGuid = {2E4261BB-E228-45EE-8B97-B915C19C8A4F}
	EndGlobalSection
EndGlobal
