
Microsoft Visual Studio Solution File, Format Version 12.00
# Visual Studio Version 17
VisualStudioVersion = 17.2.32616.157
MinimumVisualStudioVersion = 10.0.40219.1
Project("{2150E333-8FDC-42A3-9474-1A3956D46DE8}") = "Solution Items", "Solution Items", "{38721009-FDB2-46DC-AD33-24C1CD5B847F}"
	ProjectSection(SolutionItems) = preProject
		.editorconfig = .editorconfig
		Directory.Build.props = Directory.Build.props
	EndProjectSection
EndProject
Project("{2150E333-8FDC-42A3-9474-1A3956D46DE8}") = "src", "src", "{DC257ACE-1569-4E43-87DC-3CA0D9E5590A}"
EndProject
Project("{2150E333-8FDC-42A3-9474-1A3956D46DE8}") = "Shared", "Shared", "{64842CBE-9CC7-4B10-AB08-2327DE1801FA}"
EndProject
Project("{FAE04EC0-301F-11D3-BF4B-00C04F79EFBC}") = "Fast.Shared", "src\Shared\Fast.Shared.csproj", "{5DF80DC9-7627-45DC-B1CB-D3575845C2CB}"
EndProject
Project("{2150E333-8FDC-42A3-9474-1A3956D46DE8}") = "Domain", "Domain", "{5ED8A31F-14D4-4A7E-B9AC-0FDCBB8A513B}"
EndProject
Project("{2150E333-8FDC-42A3-9474-1A3956D46DE8}") = "CenterLog", "CenterLog", "{165815E5-D640-4292-B84A-0C7337F0CB7D}"
EndProject
Project("{FAE04EC0-301F-11D3-BF4B-00C04F79EFBC}") = "Fast.CenterLog.Enum", "src\Domain\CenterLog\Enum\Fast.CenterLog.Enum.csproj", "{46EE9CEE-27C0-4218-BEE6-375737D46212}"
EndProject
Project("{FAE04EC0-301F-11D3-BF4B-00C04F79EFBC}") = "Fast.CenterLog.Entity", "src\Domain\CenterLog\Entity\Fast.CenterLog.Entity.csproj", "{8E74C640-CCA0-4CDB-B7E5-AD8A9514BCAB}"
EndProject
Project("{2150E333-8FDC-42A3-9474-1A3956D46DE8}") = "Center", "Center", "{8C045A4E-FBA7-4FCB-99CF-4B750BA794F8}"
EndProject
Project("{FAE04EC0-301F-11D3-BF4B-00C04F79EFBC}") = "Fast.Center.Enum", "src\Domain\Center\Enum\Fast.Center.Enum.csproj", "{4F5D699B-8F35-45E3-3BC6-E60AF0B574CD}"
EndProject
Project("{FAE04EC0-301F-11D3-BF4B-00C04F79EFBC}") = "Fast.Center.Entity", "src\Domain\Center\Entity\Fast.Center.Entity.csproj", "{33A713FA-EA16-465B-3A27-FA3205B60EEB}"
EndProject
Project("{2150E333-8FDC-42A3-9474-1A3956D46DE8}") = "Admin", "Admin", "{15FBFCA0-8178-49A4-BECF-8B6E796701B6}"
EndProject
Project("{FAE04EC0-301F-11D3-BF4B-00C04F79EFBC}") = "Fast.Admin.Enum", "src\Domain\Admin\Enum\Fast.Admin.Enum.csproj", "{313618D2-3768-4C46-40BA-73266E952D5D}"
EndProject
Project("{FAE04EC0-301F-11D3-BF4B-00C04F79EFBC}") = "Fast.Admin.Entity", "src\Domain\Admin\Entity\Fast.Admin.Entity.csproj", "{EBDE3DA9-A3C1-9EB1-9B77-574284206A10}"
EndProject
Project("{2150E333-8FDC-42A3-9474-1A3956D46DE8}") = "Gateway", "Gateway", "{D0198BAE-59D6-496B-A403-603E058D9BD5}"
EndProject
Project("{FAE04EC0-301F-11D3-BF4B-00C04F79EFBC}") = "Fast.Gateway.Enum", "src\Domain\Gateway\Enum\Fast.Gateway.Enum.csproj", "{3AA303E1-6127-5260-4A84-05036C26230F}"
EndProject
Project("{FAE04EC0-301F-11D3-BF4B-00C04F79EFBC}") = "Fast.Gateway.Entity", "src\Domain\Gateway\Entity\Fast.Gateway.Entity.csproj", "{EA315C79-3366-92EF-3C88-BB7CE3D2B33C}"
EndProject
Project("{2150E333-8FDC-42A3-9474-1A3956D46DE8}") = "Deploy", "Deploy", "{01AC1D52-BAEC-4332-B1C3-05AA2757A176}"
EndProject
Project("{FAE04EC0-301F-11D3-BF4B-00C04F79EFBC}") = "Fast.Deploy.Enum", "src\Domain\Deploy\Enum\Fast.Deploy.Enum.csproj", "{95E95E93-04FD-81DC-C0AF-BBFE4C74A18F}"
EndProject
Project("{FAE04EC0-301F-11D3-BF4B-00C04F79EFBC}") = "Fast.Deploy.Entity", "src\Domain\Deploy\Entity\Fast.Deploy.Entity.csproj", "{F1A129F0-9B1F-8DFE-E193-084139D034BD}"
EndProject
Project("{FAE04EC0-301F-11D3-BF4B-00C04F79EFBC}") = "Fast.Core", "src\Domain\Core\Fast.Core.csproj", "{A00AA8AC-A786-D454-E3E1-9AC358C2627C}"
EndProject
Project("{2150E333-8FDC-42A3-9474-1A3956D46DE8}") = "Services", "Services", "{EFA302C3-6F27-4008-B57A-ABDB630E8277}"
EndProject
Project("{2150E333-8FDC-42A3-9474-1A3956D46DE8}") = "Center", "Center", "{5C0F6A32-A0C7-44C0-A2C9-A0EBB4ED6001}"
EndProject
Project("{FAE04EC0-301F-11D3-BF4B-00C04F79EFBC}") = "Fast.Center.Service", "src\Services\Center\Fast.Center.Service.csproj", "{7AF0BBA8-7074-FAC3-7128-B45D926019EE}"
EndProject
Project("{2150E333-8FDC-42A3-9474-1A3956D46DE8}") = "Admin", "Admin", "{DBCA96B5-12F4-4904-87AF-6B0F37F4382F}"
EndProject
Project("{FAE04EC0-301F-11D3-BF4B-00C04F79EFBC}") = "Fast.Admin.Service", "src\Services\Admin\Fast.Admin.Service.csproj", "{FEAD480D-9999-252F-8CE6-E372906A767A}"
EndProject
Project("{FAE04EC0-301F-11D3-BF4B-00C04F79EFBC}") = "Fast.Api", "src\Api\Fast.Api.csproj", "{0E48BC51-AF22-4AC5-8E1D-BF33689EB935}"
EndProject
Project("{2150E333-8FDC-42A3-9474-1A3956D46DE8}") = "Library", "Library", "{A9832564-0111-4D30-9FDC-FAC1A813AC8B}"
EndProject
Project("{FAE04EC0-301F-11D3-BF4B-00C04F79EFBC}") = "Fast.Runtime", "Library\Runtime\Fast.Runtime.csproj", "{2E85F37F-1610-5F44-D9CB-F691D4B449C6}"
EndProject
Project("{FAE04EC0-301F-11D3-BF4B-00C04F79EFBC}") = "Fast.NET.Core", "Library\Core\Fast.NET.Core.csproj", "{7CAA74CE-7D24-54F7-78C2-80670F70353B}"
EndProject
Project("{FAE04EC0-301F-11D3-BF4B-00C04F79EFBC}") = "Fast.Cache", "Library\Cache\Fast.Cache.csproj", "{AFA06CBE-718A-408A-9EDA-F7DF8C2A2BC7}"
EndProject
Project("{FAE04EC0-301F-11D3-BF4B-00C04F79EFBC}") = "Fast.DynamicApplication", "Library\DynamicApplication\Fast.DynamicApplication.csproj", "{B748403A-9CBE-D53E-5AA8-7B91CED55C39}"
EndProject
Project("{FAE04EC0-301F-11D3-BF4B-00C04F79EFBC}") = "Fast.IaaS", "Library\IaaS\Fast.IaaS.csproj", "{9C214878-92F6-8E73-C775-4B1F91FCFE36}"
EndProject
Project("{FAE04EC0-301F-11D3-BF4B-00C04F79EFBC}") = "Fast.JwtBearer", "Library\JwtBearer\Fast.JwtBearer.csproj", "{C61936B8-E00D-E300-6D20-C54BA989E2A4}"
EndProject
Project("{FAE04EC0-301F-11D3-BF4B-00C04F79EFBC}") = "Fast.OpenApi", "Library\OpenApi\Fast.OpenApi.csproj", "{29C2D814-B19E-CA63-DDAE-1682675A6157}"
EndProject
Project("{FAE04EC0-301F-11D3-BF4B-00C04F79EFBC}") = "Fast.Serialization.Newtonsoft.Json", "Library\Serialization.Newtonsoft.Json\Fast.Serialization.Newtonsoft.Json.csproj", "{3B9F86B3-ACCD-325F-A4FB-97F2CC188A7D}"
EndProject
Project("{FAE04EC0-301F-11D3-BF4B-00C04F79EFBC}") = "Fast.SqlSugar", "Library\SqlSugar\Fast.SqlSugar.csproj", "{AC56E13E-90FE-A151-11C2-A48A13C13885}"
EndProject
Project("{FAE04EC0-301F-11D3-BF4B-00C04F79EFBC}") = "Fast.Swagger", "Library\Swagger\Fast.Swagger.csproj", "{CF7E55C1-A9F9-E044-567C-4FB108922946}"
EndProject
Project("{FAE04EC0-301F-11D3-BF4B-00C04F79EFBC}") = "Fast.UnifyResult", "Library\UnifyResult\Fast.UnifyResult.csproj", "{434A7F18-196C-180E-8919-4E4EE409ECC4}"
EndProject
Project("{FAE04EC0-301F-11D3-BF4B-00C04F79EFBC}") = "Fast.DependencyInjection", "Library\DependencyInjection\Fast.DependencyInjection.csproj", "{568D3224-2032-850B-F5E0-0BDDE2A7C67D}"
EndProject
Project("{2150E333-8FDC-42A3-9474-1A3956D46DE8}") = "AdminLog", "AdminLog", "{79909014-B301-495F-B4A3-66AF0CCD5C14}"
EndProject
Project("{FAE04EC0-301F-11D3-BF4B-00C04F79EFBC}") = "Fast.AdminLog.Enum", "src\Domain\AdminLog\Enum\Fast.AdminLog.Enum.csproj", "{C58D6315-DB21-4AF2-DAF3-B91BFDAC440E}"
EndProject
Project("{FAE04EC0-301F-11D3-BF4B-00C04F79EFBC}") = "Fast.AdminLog.Entity", "src\Domain\AdminLog\Entity\Fast.AdminLog.Entity.csproj", "{A80A5709-4FF3-7B2B-629B-3B1654232137}"
EndProject
Global
	GlobalSection(SolutionConfigurationPlatforms) = preSolution
		Debug|Any CPU = Debug|Any CPU
		Release|Any CPU = Release|Any CPU
	EndGlobalSection
	GlobalSection(ProjectConfigurationPlatforms) = postSolution
		{5DF80DC9-7627-45DC-B1CB-D3575845C2CB}.Debug|Any CPU.ActiveCfg = Debug|Any CPU
		{5DF80DC9-7627-45DC-B1CB-D3575845C2CB}.Debug|Any CPU.Build.0 = Debug|Any CPU
		{5DF80DC9-7627-45DC-B1CB-D3575845C2CB}.Release|Any CPU.ActiveCfg = Release|Any CPU
		{5DF80DC9-7627-45DC-B1CB-D3575845C2CB}.Release|Any CPU.Build.0 = Release|Any CPU
		{46EE9CEE-27C0-4218-BEE6-375737D46212}.Debug|Any CPU.ActiveCfg = Debug|Any CPU
		{46EE9CEE-27C0-4218-BEE6-375737D46212}.Debug|Any CPU.Build.0 = Debug|Any CPU
		{46EE9CEE-27C0-4218-BEE6-375737D46212}.Release|Any CPU.ActiveCfg = Release|Any CPU
		{46EE9CEE-27C0-4218-BEE6-375737D46212}.Release|Any CPU.Build.0 = Release|Any CPU
		{8E74C640-CCA0-4CDB-B7E5-AD8A9514BCAB}.Debug|Any CPU.ActiveCfg = Debug|Any CPU
		{8E74C640-CCA0-4CDB-B7E5-AD8A9514BCAB}.Debug|Any CPU.Build.0 = Debug|Any CPU
		{8E74C640-CCA0-4CDB-B7E5-AD8A9514BCAB}.Release|Any CPU.ActiveCfg = Release|Any CPU
		{8E74C640-CCA0-4CDB-B7E5-AD8A9514BCAB}.Release|Any CPU.Build.0 = Release|Any CPU
		{4F5D699B-8F35-45E3-3BC6-E60AF0B574CD}.Debug|Any CPU.ActiveCfg = Debug|Any CPU
		{4F5D699B-8F35-45E3-3BC6-E60AF0B574CD}.Debug|Any CPU.Build.0 = Debug|Any CPU
		{4F5D699B-8F35-45E3-3BC6-E60AF0B574CD}.Release|Any CPU.ActiveCfg = Release|Any CPU
		{4F5D699B-8F35-45E3-3BC6-E60AF0B574CD}.Release|Any CPU.Build.0 = Release|Any CPU
		{33A713FA-EA16-465B-3A27-FA3205B60EEB}.Debug|Any CPU.ActiveCfg = Debug|Any CPU
		{33A713FA-EA16-465B-3A27-FA3205B60EEB}.Debug|Any CPU.Build.0 = Debug|Any CPU
		{33A713FA-EA16-465B-3A27-FA3205B60EEB}.Release|Any CPU.ActiveCfg = Release|Any CPU
		{33A713FA-EA16-465B-3A27-FA3205B60EEB}.Release|Any CPU.Build.0 = Release|Any CPU
		{313618D2-3768-4C46-40BA-73266E952D5D}.Debug|Any CPU.ActiveCfg = Debug|Any CPU
		{313618D2-3768-4C46-40BA-73266E952D5D}.Debug|Any CPU.Build.0 = Debug|Any CPU
		{313618D2-3768-4C46-40BA-73266E952D5D}.Release|Any CPU.ActiveCfg = Release|Any CPU
		{313618D2-3768-4C46-40BA-73266E952D5D}.Release|Any CPU.Build.0 = Release|Any CPU
		{EBDE3DA9-A3C1-9EB1-9B77-574284206A10}.Debug|Any CPU.ActiveCfg = Debug|Any CPU
		{EBDE3DA9-A3C1-9EB1-9B77-574284206A10}.Debug|Any CPU.Build.0 = Debug|Any CPU
		{EBDE3DA9-A3C1-9EB1-9B77-574284206A10}.Release|Any CPU.ActiveCfg = Release|Any CPU
		{EBDE3DA9-A3C1-9EB1-9B77-574284206A10}.Release|Any CPU.Build.0 = Release|Any CPU
		{3AA303E1-6127-5260-4A84-05036C26230F}.Debug|Any CPU.ActiveCfg = Debug|Any CPU
		{3AA303E1-6127-5260-4A84-05036C26230F}.Debug|Any CPU.Build.0 = Debug|Any CPU
		{3AA303E1-6127-5260-4A84-05036C26230F}.Release|Any CPU.ActiveCfg = Release|Any CPU
		{3AA303E1-6127-5260-4A84-05036C26230F}.Release|Any CPU.Build.0 = Release|Any CPU
		{EA315C79-3366-92EF-3C88-BB7CE3D2B33C}.Debug|Any CPU.ActiveCfg = Debug|Any CPU
		{EA315C79-3366-92EF-3C88-BB7CE3D2B33C}.Debug|Any CPU.Build.0 = Debug|Any CPU
		{EA315C79-3366-92EF-3C88-BB7CE3D2B33C}.Release|Any CPU.ActiveCfg = Release|Any CPU
		{EA315C79-3366-92EF-3C88-BB7CE3D2B33C}.Release|Any CPU.Build.0 = Release|Any CPU
		{95E95E93-04FD-81DC-C0AF-BBFE4C74A18F}.Debug|Any CPU.ActiveCfg = Debug|Any CPU
		{95E95E93-04FD-81DC-C0AF-BBFE4C74A18F}.Debug|Any CPU.Build.0 = Debug|Any CPU
		{95E95E93-04FD-81DC-C0AF-BBFE4C74A18F}.Release|Any CPU.ActiveCfg = Release|Any CPU
		{95E95E93-04FD-81DC-C0AF-BBFE4C74A18F}.Release|Any CPU.Build.0 = Release|Any CPU
		{F1A129F0-9B1F-8DFE-E193-084139D034BD}.Debug|Any CPU.ActiveCfg = Debug|Any CPU
		{F1A129F0-9B1F-8DFE-E193-084139D034BD}.Debug|Any CPU.Build.0 = Debug|Any CPU
		{F1A129F0-9B1F-8DFE-E193-084139D034BD}.Release|Any CPU.ActiveCfg = Release|Any CPU
		{F1A129F0-9B1F-8DFE-E193-084139D034BD}.Release|Any CPU.Build.0 = Release|Any CPU
		{A00AA8AC-A786-D454-E3E1-9AC358C2627C}.Debug|Any CPU.ActiveCfg = Debug|Any CPU
		{A00AA8AC-A786-D454-E3E1-9AC358C2627C}.Debug|Any CPU.Build.0 = Debug|Any CPU
		{A00AA8AC-A786-D454-E3E1-9AC358C2627C}.Release|Any CPU.ActiveCfg = Release|Any CPU
		{A00AA8AC-A786-D454-E3E1-9AC358C2627C}.Release|Any CPU.Build.0 = Release|Any CPU
		{7AF0BBA8-7074-FAC3-7128-B45D926019EE}.Debug|Any CPU.ActiveCfg = Debug|Any CPU
		{7AF0BBA8-7074-FAC3-7128-B45D926019EE}.Debug|Any CPU.Build.0 = Debug|Any CPU
		{7AF0BBA8-7074-FAC3-7128-B45D926019EE}.Release|Any CPU.ActiveCfg = Release|Any CPU
		{7AF0BBA8-7074-FAC3-7128-B45D926019EE}.Release|Any CPU.Build.0 = Release|Any CPU
		{FEAD480D-9999-252F-8CE6-E372906A767A}.Debug|Any CPU.ActiveCfg = Debug|Any CPU
		{FEAD480D-9999-252F-8CE6-E372906A767A}.Debug|Any CPU.Build.0 = Debug|Any CPU
		{FEAD480D-9999-252F-8CE6-E372906A767A}.Release|Any CPU.ActiveCfg = Release|Any CPU
		{FEAD480D-9999-252F-8CE6-E372906A767A}.Release|Any CPU.Build.0 = Release|Any CPU
		{0E48BC51-AF22-4AC5-8E1D-BF33689EB935}.Debug|Any CPU.ActiveCfg = Debug|Any CPU
		{0E48BC51-AF22-4AC5-8E1D-BF33689EB935}.Debug|Any CPU.Build.0 = Debug|Any CPU
		{0E48BC51-AF22-4AC5-8E1D-BF33689EB935}.Release|Any CPU.ActiveCfg = Release|Any CPU
		{0E48BC51-AF22-4AC5-8E1D-BF33689EB935}.Release|Any CPU.Build.0 = Release|Any CPU
		{2E85F37F-1610-5F44-D9CB-F691D4B449C6}.Debug|Any CPU.ActiveCfg = Debug|Any CPU
		{2E85F37F-1610-5F44-D9CB-F691D4B449C6}.Debug|Any CPU.Build.0 = Debug|Any CPU
		{2E85F37F-1610-5F44-D9CB-F691D4B449C6}.Release|Any CPU.ActiveCfg = Release|Any CPU
		{2E85F37F-1610-5F44-D9CB-F691D4B449C6}.Release|Any CPU.Build.0 = Release|Any CPU
		{7CAA74CE-7D24-54F7-78C2-80670F70353B}.Debug|Any CPU.ActiveCfg = Debug|Any CPU
		{7CAA74CE-7D24-54F7-78C2-80670F70353B}.Debug|Any CPU.Build.0 = Debug|Any CPU
		{7CAA74CE-7D24-54F7-78C2-80670F70353B}.Release|Any CPU.ActiveCfg = Release|Any CPU
		{7CAA74CE-7D24-54F7-78C2-80670F70353B}.Release|Any CPU.Build.0 = Release|Any CPU
		{AFA06CBE-718A-408A-9EDA-F7DF8C2A2BC7}.Debug|Any CPU.ActiveCfg = Debug|Any CPU
		{AFA06CBE-718A-408A-9EDA-F7DF8C2A2BC7}.Debug|Any CPU.Build.0 = Debug|Any CPU
		{AFA06CBE-718A-408A-9EDA-F7DF8C2A2BC7}.Release|Any CPU.ActiveCfg = Release|Any CPU
		{AFA06CBE-718A-408A-9EDA-F7DF8C2A2BC7}.Release|Any CPU.Build.0 = Release|Any CPU
		{B748403A-9CBE-D53E-5AA8-7B91CED55C39}.Debug|Any CPU.ActiveCfg = Debug|Any CPU
		{B748403A-9CBE-D53E-5AA8-7B91CED55C39}.Debug|Any CPU.Build.0 = Debug|Any CPU
		{B748403A-9CBE-D53E-5AA8-7B91CED55C39}.Release|Any CPU.ActiveCfg = Release|Any CPU
		{B748403A-9CBE-D53E-5AA8-7B91CED55C39}.Release|Any CPU.Build.0 = Release|Any CPU
		{9C214878-92F6-8E73-C775-4B1F91FCFE36}.Debug|Any CPU.ActiveCfg = Debug|Any CPU
		{9C214878-92F6-8E73-C775-4B1F91FCFE36}.Debug|Any CPU.Build.0 = Debug|Any CPU
		{9C214878-92F6-8E73-C775-4B1F91FCFE36}.Release|Any CPU.ActiveCfg = Release|Any CPU
		{9C214878-92F6-8E73-C775-4B1F91FCFE36}.Release|Any CPU.Build.0 = Release|Any CPU
		{C61936B8-E00D-E300-6D20-C54BA989E2A4}.Debug|Any CPU.ActiveCfg = Debug|Any CPU
		{C61936B8-E00D-E300-6D20-C54BA989E2A4}.Debug|Any CPU.Build.0 = Debug|Any CPU
		{C61936B8-E00D-E300-6D20-C54BA989E2A4}.Release|Any CPU.ActiveCfg = Release|Any CPU
		{C61936B8-E00D-E300-6D20-C54BA989E2A4}.Release|Any CPU.Build.0 = Release|Any CPU
		{29C2D814-B19E-CA63-DDAE-1682675A6157}.Debug|Any CPU.ActiveCfg = Debug|Any CPU
		{29C2D814-B19E-CA63-DDAE-1682675A6157}.Debug|Any CPU.Build.0 = Debug|Any CPU
		{29C2D814-B19E-CA63-DDAE-1682675A6157}.Release|Any CPU.ActiveCfg = Release|Any CPU
		{29C2D814-B19E-CA63-DDAE-1682675A6157}.Release|Any CPU.Build.0 = Release|Any CPU
		{3B9F86B3-ACCD-325F-A4FB-97F2CC188A7D}.Debug|Any CPU.ActiveCfg = Debug|Any CPU
		{3B9F86B3-ACCD-325F-A4FB-97F2CC188A7D}.Debug|Any CPU.Build.0 = Debug|Any CPU
		{3B9F86B3-ACCD-325F-A4FB-97F2CC188A7D}.Release|Any CPU.ActiveCfg = Release|Any CPU
		{3B9F86B3-ACCD-325F-A4FB-97F2CC188A7D}.Release|Any CPU.Build.0 = Release|Any CPU
		{AC56E13E-90FE-A151-11C2-A48A13C13885}.Debug|Any CPU.ActiveCfg = Debug|Any CPU
		{AC56E13E-90FE-A151-11C2-A48A13C13885}.Debug|Any CPU.Build.0 = Debug|Any CPU
		{AC56E13E-90FE-A151-11C2-A48A13C13885}.Release|Any CPU.ActiveCfg = Release|Any CPU
		{AC56E13E-90FE-A151-11C2-A48A13C13885}.Release|Any CPU.Build.0 = Release|Any CPU
		{CF7E55C1-A9F9-E044-567C-4FB108922946}.Debug|Any CPU.ActiveCfg = Debug|Any CPU
		{CF7E55C1-A9F9-E044-567C-4FB108922946}.Debug|Any CPU.Build.0 = Debug|Any CPU
		{CF7E55C1-A9F9-E044-567C-4FB108922946}.Release|Any CPU.ActiveCfg = Release|Any CPU
		{CF7E55C1-A9F9-E044-567C-4FB108922946}.Release|Any CPU.Build.0 = Release|Any CPU
		{434A7F18-196C-180E-8919-4E4EE409ECC4}.Debug|Any CPU.ActiveCfg = Debug|Any CPU
		{434A7F18-196C-180E-8919-4E4EE409ECC4}.Debug|Any CPU.Build.0 = Debug|Any CPU
		{434A7F18-196C-180E-8919-4E4EE409ECC4}.Release|Any CPU.ActiveCfg = Release|Any CPU
		{434A7F18-196C-180E-8919-4E4EE409ECC4}.Release|Any CPU.Build.0 = Release|Any CPU
		{568D3224-2032-850B-F5E0-0BDDE2A7C67D}.Debug|Any CPU.ActiveCfg = Debug|Any CPU
		{568D3224-2032-850B-F5E0-0BDDE2A7C67D}.Debug|Any CPU.Build.0 = Debug|Any CPU
		{568D3224-2032-850B-F5E0-0BDDE2A7C67D}.Release|Any CPU.ActiveCfg = Release|Any CPU
		{568D3224-2032-850B-F5E0-0BDDE2A7C67D}.Release|Any CPU.Build.0 = Release|Any CPU
		{C58D6315-DB21-4AF2-DAF3-B91BFDAC440E}.Debug|Any CPU.ActiveCfg = Debug|Any CPU
		{C58D6315-DB21-4AF2-DAF3-B91BFDAC440E}.Debug|Any CPU.Build.0 = Debug|Any CPU
		{C58D6315-DB21-4AF2-DAF3-B91BFDAC440E}.Release|Any CPU.ActiveCfg = Release|Any CPU
		{C58D6315-DB21-4AF2-DAF3-B91BFDAC440E}.Release|Any CPU.Build.0 = Release|Any CPU
		{A80A5709-4FF3-7B2B-629B-3B1654232137}.Debug|Any CPU.ActiveCfg = Debug|Any CPU
		{A80A5709-4FF3-7B2B-629B-3B1654232137}.Debug|Any CPU.Build.0 = Debug|Any CPU
		{A80A5709-4FF3-7B2B-629B-3B1654232137}.Release|Any CPU.ActiveCfg = Release|Any CPU
		{A80A5709-4FF3-7B2B-629B-3B1654232137}.Release|Any CPU.Build.0 = Release|Any CPU
	EndGlobalSection
	GlobalSection(SolutionProperties) = preSolution
		HideSolutionNode = FALSE
	EndGlobalSection
	GlobalSection(NestedProjects) = preSolution
		{64842CBE-9CC7-4B10-AB08-2327DE1801FA} = {DC257ACE-1569-4E43-87DC-3CA0D9E5590A}
		{5DF80DC9-7627-45DC-B1CB-D3575845C2CB} = {64842CBE-9CC7-4B10-AB08-2327DE1801FA}
		{5ED8A31F-14D4-4A7E-B9AC-0FDCBB8A513B} = {DC257ACE-1569-4E43-87DC-3CA0D9E5590A}
		{165815E5-D640-4292-B84A-0C7337F0CB7D} = {5ED8A31F-14D4-4A7E-B9AC-0FDCBB8A513B}
		{46EE9CEE-27C0-4218-BEE6-375737D46212} = {165815E5-D640-4292-B84A-0C7337F0CB7D}
		{8E74C640-CCA0-4CDB-B7E5-AD8A9514BCAB} = {165815E5-D640-4292-B84A-0C7337F0CB7D}
		{8C045A4E-FBA7-4FCB-99CF-4B750BA794F8} = {5ED8A31F-14D4-4A7E-B9AC-0FDCBB8A513B}
		{4F5D699B-8F35-45E3-3BC6-E60AF0B574CD} = {8C045A4E-FBA7-4FCB-99CF-4B750BA794F8}
		{33A713FA-EA16-465B-3A27-FA3205B60EEB} = {8C045A4E-FBA7-4FCB-99CF-4B750BA794F8}
		{15FBFCA0-8178-49A4-BECF-8B6E796701B6} = {5ED8A31F-14D4-4A7E-B9AC-0FDCBB8A513B}
		{313618D2-3768-4C46-40BA-73266E952D5D} = {15FBFCA0-8178-49A4-BECF-8B6E796701B6}
		{EBDE3DA9-A3C1-9EB1-9B77-574284206A10} = {15FBFCA0-8178-49A4-BECF-8B6E796701B6}
		{D0198BAE-59D6-496B-A403-603E058D9BD5} = {5ED8A31F-14D4-4A7E-B9AC-0FDCBB8A513B}
		{3AA303E1-6127-5260-4A84-05036C26230F} = {D0198BAE-59D6-496B-A403-603E058D9BD5}
		{EA315C79-3366-92EF-3C88-BB7CE3D2B33C} = {D0198BAE-59D6-496B-A403-603E058D9BD5}
		{01AC1D52-BAEC-4332-B1C3-05AA2757A176} = {5ED8A31F-14D4-4A7E-B9AC-0FDCBB8A513B}
		{95E95E93-04FD-81DC-C0AF-BBFE4C74A18F} = {01AC1D52-BAEC-4332-B1C3-05AA2757A176}
		{F1A129F0-9B1F-8DFE-E193-084139D034BD} = {01AC1D52-BAEC-4332-B1C3-05AA2757A176}
		{A00AA8AC-A786-D454-E3E1-9AC358C2627C} = {5ED8A31F-14D4-4A7E-B9AC-0FDCBB8A513B}
		{EFA302C3-6F27-4008-B57A-ABDB630E8277} = {DC257ACE-1569-4E43-87DC-3CA0D9E5590A}
		{5C0F6A32-A0C7-44C0-A2C9-A0EBB4ED6001} = {EFA302C3-6F27-4008-B57A-ABDB630E8277}
		{7AF0BBA8-7074-FAC3-7128-B45D926019EE} = {5C0F6A32-A0C7-44C0-A2C9-A0EBB4ED6001}
		{DBCA96B5-12F4-4904-87AF-6B0F37F4382F} = {EFA302C3-6F27-4008-B57A-ABDB630E8277}
		{FEAD480D-9999-252F-8CE6-E372906A767A} = {DBCA96B5-12F4-4904-87AF-6B0F37F4382F}
		{0E48BC51-AF22-4AC5-8E1D-BF33689EB935} = {EFA302C3-6F27-4008-B57A-ABDB630E8277}
		{2E85F37F-1610-5F44-D9CB-F691D4B449C6} = {A9832564-0111-4D30-9FDC-FAC1A813AC8B}
		{7CAA74CE-7D24-54F7-78C2-80670F70353B} = {A9832564-0111-4D30-9FDC-FAC1A813AC8B}
		{AFA06CBE-718A-408A-9EDA-F7DF8C2A2BC7} = {A9832564-0111-4D30-9FDC-FAC1A813AC8B}
		{B748403A-9CBE-D53E-5AA8-7B91CED55C39} = {A9832564-0111-4D30-9FDC-FAC1A813AC8B}
		{9C214878-92F6-8E73-C775-4B1F91FCFE36} = {A9832564-0111-4D30-9FDC-FAC1A813AC8B}
		{C61936B8-E00D-E300-6D20-C54BA989E2A4} = {A9832564-0111-4D30-9FDC-FAC1A813AC8B}
		{29C2D814-B19E-CA63-DDAE-1682675A6157} = {A9832564-0111-4D30-9FDC-FAC1A813AC8B}
		{3B9F86B3-ACCD-325F-A4FB-97F2CC188A7D} = {A9832564-0111-4D30-9FDC-FAC1A813AC8B}
		{AC56E13E-90FE-A151-11C2-A48A13C13885} = {A9832564-0111-4D30-9FDC-FAC1A813AC8B}
		{CF7E55C1-A9F9-E044-567C-4FB108922946} = {A9832564-0111-4D30-9FDC-FAC1A813AC8B}
		{434A7F18-196C-180E-8919-4E4EE409ECC4} = {A9832564-0111-4D30-9FDC-FAC1A813AC8B}
		{568D3224-2032-850B-F5E0-0BDDE2A7C67D} = {A9832564-0111-4D30-9FDC-FAC1A813AC8B}
		{79909014-B301-495F-B4A3-66AF0CCD5C14} = {5ED8A31F-14D4-4A7E-B9AC-0FDCBB8A513B}
		{C58D6315-DB21-4AF2-DAF3-B91BFDAC440E} = {79909014-B301-495F-B4A3-66AF0CCD5C14}
		{A80A5709-4FF3-7B2B-629B-3B1654232137} = {79909014-B301-495F-B4A3-66AF0CCD5C14}
	EndGlobalSection
	GlobalSection(ExtensibilityGlobals) = postSolution
		SolutionGuid = {2E4261BB-E228-45EE-8B97-B915C19C8A4F}
	EndGlobalSection
EndGlobal
