
Microsoft Visual Studio Solution File, Format Version 12.00
# Visual Studio Version 17
VisualStudioVersion = 17.2.32616.157
MinimumVisualStudioVersion = 10.0.40219.1
Project("{2150E333-8FDC-42A3-9474-1A3956D46DE8}") = "Solution Items", "Solution Items", "{38721009-FDB2-46DC-AD33-24C1CD5B847F}"
	ProjectSection(SolutionItems) = preProject
		.editorconfig = .editorconfig
		Directory.Build.props = Directory.Build.props
	EndProjectSection
EndProject
Project("{FAE04EC0-301F-11D3-BF4B-00C04F79EFBC}") = "Fast.Common", "Common\Fast.Common.csproj", "{638BBA67-F50B-4A77-FA22-15EDA4165D57}"
EndProject
Project("{2150E333-8FDC-42A3-9474-1A3956D46DE8}") = "src", "src", "{DC257ACE-1569-4E43-87DC-3CA0D9E5590A}"
EndProject
Project("{FAE04EC0-301F-11D3-BF4B-00C04F79EFBC}") = "Fast.Kernel", "Kernel\Fast.Kernel.csproj", "{93468A46-DFA2-4A0A-B158-0FDAFBCBAF9A}"
EndProject
Project("{2150E333-8FDC-42A3-9474-1A3956D46DE8}") = "FastCloud", "FastCloud", "{368BB913-9B9B-4BA5-A4E8-F4B123673F94}"
EndProject
Project("{FAE04EC0-301F-11D3-BF4B-00C04F79EFBC}") = "Fast.FastCloud.Enum", "FastCloud\FastCloud.Enum\Fast.FastCloud.Enum.csproj", "{072B6AA2-62FC-E304-27C5-072C7FE8406D}"
EndProject
Project("{FAE04EC0-301F-11D3-BF4B-00C04F79EFBC}") = "Fast.FastCloud.Entity", "FastCloud\FastCloud.Entity\Fast.FastCloud.Entity.csproj", "{CFA917A5-7F6F-243D-0EDD-98E32F0F3070}"
EndProject
Project("{FAE04EC0-301F-11D3-BF4B-00C04F79EFBC}") = "Fast.FastCloudLog.Entity", "FastCloud\FastCloudLog.Entity\Fast.FastCloudLog.Entity.csproj", "{B599CB92-36C2-464D-9E5A-5EFD41785C42}"
EndProject
Project("{FAE04EC0-301F-11D3-BF4B-00C04F79EFBC}") = "Fast.FastCloud.Core", "FastCloud\FastCloud.Core\Fast.FastCloud.Core.csproj", "{4D0814C3-FFD3-4DE0-96EE-6E47268FB24B}"
EndProject
Project("{FAE04EC0-301F-11D3-BF4B-00C04F79EFBC}") = "Fast.FastCloud.Service", "FastCloud\FastCloud.Service\Fast.FastCloud.Service.csproj", "{B30421BF-CF5B-90DB-1B63-44D751EB62E8}"
EndProject
Project("{FAE04EC0-301F-11D3-BF4B-00C04F79EFBC}") = "Fast.FastCloud.Api", "FastCloud\FastCloud.Api\Fast.FastCloud.Api.csproj", "{9B49062A-1EAD-CD0F-A0F3-FC3047ED6133}"
EndProject
Project("{2150E333-8FDC-42A3-9474-1A3956D46DE8}") = "Deploy", "Deploy", "{1F300B35-41F9-4D57-B304-48F790EE7A5E}"
EndProject
Project("{FAE04EC0-301F-11D3-BF4B-00C04F79EFBC}") = "Fast.Deploy.Enum", "Deploy\Deploy.Enum\Fast.Deploy.Enum.csproj", "{55148A3D-D8A7-47E1-3C13-137526A80AB1}"
EndProject
Project("{FAE04EC0-301F-11D3-BF4B-00C04F79EFBC}") = "Fast.Deploy.Entity", "Deploy\Deploy.Entity\Fast.Deploy.Entity.csproj", "{7394B181-BB03-35A6-CCCB-6CDC8C8F8F96}"
EndProject
Project("{FAE04EC0-301F-11D3-BF4B-00C04F79EFBC}") = "Fast.Deploy.Service", "Deploy\Deploy.Service\Fast.Deploy.Service.csproj", "{7D19E395-FBD7-1202-B18C-B7D3EE9BAB93}"
EndProject
Project("{FAE04EC0-301F-11D3-BF4B-00C04F79EFBC}") = "Fast.Deploy.Api", "Deploy\Deploy.Api\Fast.Deploy.Api.csproj", "{66E86C33-8BA0-8216-C4D4-AACAC2A51C58}"
EndProject
Project("{FAE04EC0-301F-11D3-BF4B-00C04F79EFBC}") = "Fast.Core", "Core\Fast.Core.csproj", "{147BAF3D-C282-4A62-87E8-B8C460EDD9D2}"
EndProject
Project("{2150E333-8FDC-42A3-9474-1A3956D46DE8}") = "Gateway", "Gateway", "{88DF992F-CE3E-4EB6-BA9A-7FA397A5F5FF}"
EndProject
Project("{2150E333-8FDC-42A3-9474-1A3956D46DE8}") = "Center", "Center", "{02EA681E-C7D8-13C7-8484-4AC65E1B71E8}"
EndProject
Project("{FAE04EC0-301F-11D3-BF4B-00C04F79EFBC}") = "Fast.Center.Enum", "Center\Center.Enum\Fast.Center.Enum.csproj", "{4CF1283A-9E42-54F9-4B57-69A87ECE134D}"
EndProject
Project("{FAE04EC0-301F-11D3-BF4B-00C04F79EFBC}") = "Fast.Center.Entity", "Center\Center.Entity\Fast.Center.Entity.csproj", "{EB6898E1-F9F8-5121-1755-A2757227A574}"
EndProject
Project("{FAE04EC0-301F-11D3-BF4B-00C04F79EFBC}") = "Fast.Center.Service", "Center\Center.Service\Fast.Center.Service.csproj", "{0B6FEF31-2B25-A217-3A25-9EA8FF884352}"
EndProject
Project("{FAE04EC0-301F-11D3-BF4B-00C04F79EFBC}") = "Fast.Center.Api", "Center\Center.Api\Fast.Center.Api.csproj", "{3FF58F82-9FA9-8E30-A96A-9D3DBB6B1AE7}"
EndProject
Project("{2150E333-8FDC-42A3-9474-1A3956D46DE8}") = "CenterLog", "CenterLog", "{30354128-3ECC-4323-81B5-0FAA5D3126FA}"
EndProject
Project("{FAE04EC0-301F-11D3-BF4B-00C04F79EFBC}") = "Fast.CenterLog.Enum", "CenterLog\CenterLog.Enum\Fast.CenterLog.Enum.csproj", "{0DD66A98-D99F-EABD-CD2D-55E0DEF6F84E}"
EndProject
Project("{FAE04EC0-301F-11D3-BF4B-00C04F79EFBC}") = "Fast.CenterLog.Entity", "CenterLog\CenterLog.Entity\Fast.CenterLog.Entity.csproj", "{2C809E97-CC0B-03EF-4D8A-911FC0384FF1}"
EndProject
Project("{FAE04EC0-301F-11D3-BF4B-00C04F79EFBC}") = "Fast.CenterLog.Service", "CenterLog\CenterLog.Service\Fast.CenterLog.Service.csproj", "{F9F73FE8-6B74-A2E2-C6C4-846A427597D6}"
EndProject
Project("{FAE04EC0-301F-11D3-BF4B-00C04F79EFBC}") = "Fast.CenterLog.Api", "CenterLog\CenterLog.Api\Fast.CenterLog.Api.csproj", "{9EAEA127-67CE-6B4D-0023-7B05FD58DB17}"
EndProject
Project("{2150E333-8FDC-42A3-9474-1A3956D46DE8}") = "Admin", "Admin", "{1F9B311D-71A2-4B9E-91F8-5BCC95769BB0}"
EndProject
Project("{FAE04EC0-301F-11D3-BF4B-00C04F79EFBC}") = "Fast.Admin.Enum", "Admin\Admin.Enum\Fast.Admin.Enum.csproj", "{B5EB5C29-6A46-DADC-1901-D696622E3AF6}"
EndProject
Project("{FAE04EC0-301F-11D3-BF4B-00C04F79EFBC}") = "Fast.Admin.Entity", "Admin\Admin.Entity\Fast.Admin.Entity.csproj", "{0A822A73-4A35-5836-60EB-0E19B0B7AF81}"
EndProject
Project("{FAE04EC0-301F-11D3-BF4B-00C04F79EFBC}") = "Fast.Admin.Service", "Admin\Admin.Service\Fast.Admin.Service.csproj", "{4AD5C1EF-5815-D8A0-A14B-32AC510CD820}"
EndProject
Project("{FAE04EC0-301F-11D3-BF4B-00C04F79EFBC}") = "Fast.Admin.Api", "Admin\Admin.Api\Fast.Admin.Api.csproj", "{F9B72F2E-96B6-D329-58A4-92CD973DDFA7}"
EndProject
Project("{2150E333-8FDC-42A3-9474-1A3956D46DE8}") = "Library", "Library", "{0844E510-A27F-4C44-AFCC-BEAB29CF2F90}"
EndProject
Project("{FAE04EC0-301F-11D3-BF4B-00C04F79EFBC}") = "Fast.OpenApi", "Library\OpenApi\Fast.OpenApi.csproj", "{C1CD5CBB-FB70-E30A-7C89-EEBA14011BB7}"
EndProject
Project("{2150E333-8FDC-42A3-9474-1A3956D46DE8}") = "Tool", "Tool", "{FEA36FA9-4CE4-4AA2-9C68-5DB7D87AD720}"
EndProject
Project("{FAE04EC0-301F-11D3-BF4B-00C04F79EFBC}") = "Fast.Tool.ConsoleApp", "Tool\Tool.ConsoleApp\Fast.Tool.ConsoleApp.csproj", "{8CC56946-92F7-4A55-8916-96AE79B4657C}"
EndProject
Global
	GlobalSection(SolutionConfigurationPlatforms) = preSolution
		Debug|Any CPU = Debug|Any CPU
		Release|Any CPU = Release|Any CPU
	EndGlobalSection
	GlobalSection(ProjectConfigurationPlatforms) = postSolution
		{638BBA67-F50B-4A77-FA22-15EDA4165D57}.Debug|Any CPU.ActiveCfg = Debug|Any CPU
		{638BBA67-F50B-4A77-FA22-15EDA4165D57}.Debug|Any CPU.Build.0 = Debug|Any CPU
		{638BBA67-F50B-4A77-FA22-15EDA4165D57}.Release|Any CPU.ActiveCfg = Release|Any CPU
		{638BBA67-F50B-4A77-FA22-15EDA4165D57}.Release|Any CPU.Build.0 = Release|Any CPU
		{93468A46-DFA2-4A0A-B158-0FDAFBCBAF9A}.Debug|Any CPU.ActiveCfg = Debug|Any CPU
		{93468A46-DFA2-4A0A-B158-0FDAFBCBAF9A}.Debug|Any CPU.Build.0 = Debug|Any CPU
		{93468A46-DFA2-4A0A-B158-0FDAFBCBAF9A}.Release|Any CPU.ActiveCfg = Release|Any CPU
		{93468A46-DFA2-4A0A-B158-0FDAFBCBAF9A}.Release|Any CPU.Build.0 = Release|Any CPU
		{072B6AA2-62FC-E304-27C5-072C7FE8406D}.Debug|Any CPU.ActiveCfg = Debug|Any CPU
		{072B6AA2-62FC-E304-27C5-072C7FE8406D}.Debug|Any CPU.Build.0 = Debug|Any CPU
		{072B6AA2-62FC-E304-27C5-072C7FE8406D}.Release|Any CPU.ActiveCfg = Release|Any CPU
		{072B6AA2-62FC-E304-27C5-072C7FE8406D}.Release|Any CPU.Build.0 = Release|Any CPU
		{CFA917A5-7F6F-243D-0EDD-98E32F0F3070}.Debug|Any CPU.ActiveCfg = Debug|Any CPU
		{CFA917A5-7F6F-243D-0EDD-98E32F0F3070}.Debug|Any CPU.Build.0 = Debug|Any CPU
		{CFA917A5-7F6F-243D-0EDD-98E32F0F3070}.Release|Any CPU.ActiveCfg = Release|Any CPU
		{CFA917A5-7F6F-243D-0EDD-98E32F0F3070}.Release|Any CPU.Build.0 = Release|Any CPU
		{B599CB92-36C2-464D-9E5A-5EFD41785C42}.Debug|Any CPU.ActiveCfg = Debug|Any CPU
		{B599CB92-36C2-464D-9E5A-5EFD41785C42}.Debug|Any CPU.Build.0 = Debug|Any CPU
		{B599CB92-36C2-464D-9E5A-5EFD41785C42}.Release|Any CPU.ActiveCfg = Release|Any CPU
		{B599CB92-36C2-464D-9E5A-5EFD41785C42}.Release|Any CPU.Build.0 = Release|Any CPU
		{4D0814C3-FFD3-4DE0-96EE-6E47268FB24B}.Debug|Any CPU.ActiveCfg = Debug|Any CPU
		{4D0814C3-FFD3-4DE0-96EE-6E47268FB24B}.Debug|Any CPU.Build.0 = Debug|Any CPU
		{4D0814C3-FFD3-4DE0-96EE-6E47268FB24B}.Release|Any CPU.ActiveCfg = Release|Any CPU
		{4D0814C3-FFD3-4DE0-96EE-6E47268FB24B}.Release|Any CPU.Build.0 = Release|Any CPU
		{B30421BF-CF5B-90DB-1B63-44D751EB62E8}.Debug|Any CPU.ActiveCfg = Debug|Any CPU
		{B30421BF-CF5B-90DB-1B63-44D751EB62E8}.Debug|Any CPU.Build.0 = Debug|Any CPU
		{B30421BF-CF5B-90DB-1B63-44D751EB62E8}.Release|Any CPU.ActiveCfg = Release|Any CPU
		{B30421BF-CF5B-90DB-1B63-44D751EB62E8}.Release|Any CPU.Build.0 = Release|Any CPU
		{9B49062A-1EAD-CD0F-A0F3-FC3047ED6133}.Debug|Any CPU.ActiveCfg = Debug|Any CPU
		{9B49062A-1EAD-CD0F-A0F3-FC3047ED6133}.Debug|Any CPU.Build.0 = Debug|Any CPU
		{9B49062A-1EAD-CD0F-A0F3-FC3047ED6133}.Release|Any CPU.ActiveCfg = Release|Any CPU
		{9B49062A-1EAD-CD0F-A0F3-FC3047ED6133}.Release|Any CPU.Build.0 = Release|Any CPU
		{55148A3D-D8A7-47E1-3C13-137526A80AB1}.Debug|Any CPU.ActiveCfg = Debug|Any CPU
		{55148A3D-D8A7-47E1-3C13-137526A80AB1}.Debug|Any CPU.Build.0 = Debug|Any CPU
		{55148A3D-D8A7-47E1-3C13-137526A80AB1}.Release|Any CPU.ActiveCfg = Release|Any CPU
		{55148A3D-D8A7-47E1-3C13-137526A80AB1}.Release|Any CPU.Build.0 = Release|Any CPU
		{7394B181-BB03-35A6-CCCB-6CDC8C8F8F96}.Debug|Any CPU.ActiveCfg = Debug|Any CPU
		{7394B181-BB03-35A6-CCCB-6CDC8C8F8F96}.Debug|Any CPU.Build.0 = Debug|Any CPU
		{7394B181-BB03-35A6-CCCB-6CDC8C8F8F96}.Release|Any CPU.ActiveCfg = Release|Any CPU
		{7394B181-BB03-35A6-CCCB-6CDC8C8F8F96}.Release|Any CPU.Build.0 = Release|Any CPU
		{7D19E395-FBD7-1202-B18C-B7D3EE9BAB93}.Debug|Any CPU.ActiveCfg = Debug|Any CPU
		{7D19E395-FBD7-1202-B18C-B7D3EE9BAB93}.Debug|Any CPU.Build.0 = Debug|Any CPU
		{7D19E395-FBD7-1202-B18C-B7D3EE9BAB93}.Release|Any CPU.ActiveCfg = Release|Any CPU
		{7D19E395-FBD7-1202-B18C-B7D3EE9BAB93}.Release|Any CPU.Build.0 = Release|Any CPU
		{66E86C33-8BA0-8216-C4D4-AACAC2A51C58}.Debug|Any CPU.ActiveCfg = Debug|Any CPU
		{66E86C33-8BA0-8216-C4D4-AACAC2A51C58}.Debug|Any CPU.Build.0 = Debug|Any CPU
		{66E86C33-8BA0-8216-C4D4-AACAC2A51C58}.Release|Any CPU.ActiveCfg = Release|Any CPU
		{66E86C33-8BA0-8216-C4D4-AACAC2A51C58}.Release|Any CPU.Build.0 = Release|Any CPU
		{147BAF3D-C282-4A62-87E8-B8C460EDD9D2}.Debug|Any CPU.ActiveCfg = Debug|Any CPU
		{147BAF3D-C282-4A62-87E8-B8C460EDD9D2}.Debug|Any CPU.Build.0 = Debug|Any CPU
		{147BAF3D-C282-4A62-87E8-B8C460EDD9D2}.Release|Any CPU.ActiveCfg = Release|Any CPU
		{147BAF3D-C282-4A62-87E8-B8C460EDD9D2}.Release|Any CPU.Build.0 = Release|Any CPU
		{4CF1283A-9E42-54F9-4B57-69A87ECE134D}.Debug|Any CPU.ActiveCfg = Debug|Any CPU
		{4CF1283A-9E42-54F9-4B57-69A87ECE134D}.Debug|Any CPU.Build.0 = Debug|Any CPU
		{4CF1283A-9E42-54F9-4B57-69A87ECE134D}.Release|Any CPU.ActiveCfg = Release|Any CPU
		{4CF1283A-9E42-54F9-4B57-69A87ECE134D}.Release|Any CPU.Build.0 = Release|Any CPU
		{EB6898E1-F9F8-5121-1755-A2757227A574}.Debug|Any CPU.ActiveCfg = Debug|Any CPU
		{EB6898E1-F9F8-5121-1755-A2757227A574}.Debug|Any CPU.Build.0 = Debug|Any CPU
		{EB6898E1-F9F8-5121-1755-A2757227A574}.Release|Any CPU.ActiveCfg = Release|Any CPU
		{EB6898E1-F9F8-5121-1755-A2757227A574}.Release|Any CPU.Build.0 = Release|Any CPU
		{0B6FEF31-2B25-A217-3A25-9EA8FF884352}.Debug|Any CPU.ActiveCfg = Debug|Any CPU
		{0B6FEF31-2B25-A217-3A25-9EA8FF884352}.Debug|Any CPU.Build.0 = Debug|Any CPU
		{0B6FEF31-2B25-A217-3A25-9EA8FF884352}.Release|Any CPU.ActiveCfg = Release|Any CPU
		{0B6FEF31-2B25-A217-3A25-9EA8FF884352}.Release|Any CPU.Build.0 = Release|Any CPU
		{3FF58F82-9FA9-8E30-A96A-9D3DBB6B1AE7}.Debug|Any CPU.ActiveCfg = Debug|Any CPU
		{3FF58F82-9FA9-8E30-A96A-9D3DBB6B1AE7}.Debug|Any CPU.Build.0 = Debug|Any CPU
		{3FF58F82-9FA9-8E30-A96A-9D3DBB6B1AE7}.Release|Any CPU.ActiveCfg = Release|Any CPU
		{3FF58F82-9FA9-8E30-A96A-9D3DBB6B1AE7}.Release|Any CPU.Build.0 = Release|Any CPU
		{0DD66A98-D99F-EABD-CD2D-55E0DEF6F84E}.Debug|Any CPU.ActiveCfg = Debug|Any CPU
		{0DD66A98-D99F-EABD-CD2D-55E0DEF6F84E}.Debug|Any CPU.Build.0 = Debug|Any CPU
		{0DD66A98-D99F-EABD-CD2D-55E0DEF6F84E}.Release|Any CPU.ActiveCfg = Release|Any CPU
		{0DD66A98-D99F-EABD-CD2D-55E0DEF6F84E}.Release|Any CPU.Build.0 = Release|Any CPU
		{2C809E97-CC0B-03EF-4D8A-911FC0384FF1}.Debug|Any CPU.ActiveCfg = Debug|Any CPU
		{2C809E97-CC0B-03EF-4D8A-911FC0384FF1}.Debug|Any CPU.Build.0 = Debug|Any CPU
		{2C809E97-CC0B-03EF-4D8A-911FC0384FF1}.Release|Any CPU.ActiveCfg = Release|Any CPU
		{2C809E97-CC0B-03EF-4D8A-911FC0384FF1}.Release|Any CPU.Build.0 = Release|Any CPU
		{F9F73FE8-6B74-A2E2-C6C4-846A427597D6}.Debug|Any CPU.ActiveCfg = Debug|Any CPU
		{F9F73FE8-6B74-A2E2-C6C4-846A427597D6}.Debug|Any CPU.Build.0 = Debug|Any CPU
		{F9F73FE8-6B74-A2E2-C6C4-846A427597D6}.Release|Any CPU.ActiveCfg = Release|Any CPU
		{F9F73FE8-6B74-A2E2-C6C4-846A427597D6}.Release|Any CPU.Build.0 = Release|Any CPU
		{9EAEA127-67CE-6B4D-0023-7B05FD58DB17}.Debug|Any CPU.ActiveCfg = Debug|Any CPU
		{9EAEA127-67CE-6B4D-0023-7B05FD58DB17}.Debug|Any CPU.Build.0 = Debug|Any CPU
		{9EAEA127-67CE-6B4D-0023-7B05FD58DB17}.Release|Any CPU.ActiveCfg = Release|Any CPU
		{9EAEA127-67CE-6B4D-0023-7B05FD58DB17}.Release|Any CPU.Build.0 = Release|Any CPU
		{B5EB5C29-6A46-DADC-1901-D696622E3AF6}.Debug|Any CPU.ActiveCfg = Debug|Any CPU
		{B5EB5C29-6A46-DADC-1901-D696622E3AF6}.Debug|Any CPU.Build.0 = Debug|Any CPU
		{B5EB5C29-6A46-DADC-1901-D696622E3AF6}.Release|Any CPU.ActiveCfg = Release|Any CPU
		{B5EB5C29-6A46-DADC-1901-D696622E3AF6}.Release|Any CPU.Build.0 = Release|Any CPU
		{0A822A73-4A35-5836-60EB-0E19B0B7AF81}.Debug|Any CPU.ActiveCfg = Debug|Any CPU
		{0A822A73-4A35-5836-60EB-0E19B0B7AF81}.Debug|Any CPU.Build.0 = Debug|Any CPU
		{0A822A73-4A35-5836-60EB-0E19B0B7AF81}.Release|Any CPU.ActiveCfg = Release|Any CPU
		{0A822A73-4A35-5836-60EB-0E19B0B7AF81}.Release|Any CPU.Build.0 = Release|Any CPU
		{4AD5C1EF-5815-D8A0-A14B-32AC510CD820}.Debug|Any CPU.ActiveCfg = Debug|Any CPU
		{4AD5C1EF-5815-D8A0-A14B-32AC510CD820}.Debug|Any CPU.Build.0 = Debug|Any CPU
		{4AD5C1EF-5815-D8A0-A14B-32AC510CD820}.Release|Any CPU.ActiveCfg = Release|Any CPU
		{4AD5C1EF-5815-D8A0-A14B-32AC510CD820}.Release|Any CPU.Build.0 = Release|Any CPU
		{F9B72F2E-96B6-D329-58A4-92CD973DDFA7}.Debug|Any CPU.ActiveCfg = Debug|Any CPU
		{F9B72F2E-96B6-D329-58A4-92CD973DDFA7}.Debug|Any CPU.Build.0 = Debug|Any CPU
		{F9B72F2E-96B6-D329-58A4-92CD973DDFA7}.Release|Any CPU.ActiveCfg = Release|Any CPU
		{F9B72F2E-96B6-D329-58A4-92CD973DDFA7}.Release|Any CPU.Build.0 = Release|Any CPU
		{C1CD5CBB-FB70-E30A-7C89-EEBA14011BB7}.Debug|Any CPU.ActiveCfg = Debug|Any CPU
		{C1CD5CBB-FB70-E30A-7C89-EEBA14011BB7}.Debug|Any CPU.Build.0 = Debug|Any CPU
		{C1CD5CBB-FB70-E30A-7C89-EEBA14011BB7}.Release|Any CPU.ActiveCfg = Release|Any CPU
		{C1CD5CBB-FB70-E30A-7C89-EEBA14011BB7}.Release|Any CPU.Build.0 = Release|Any CPU
		{8CC56946-92F7-4A55-8916-96AE79B4657C}.Debug|Any CPU.ActiveCfg = Debug|Any CPU
		{8CC56946-92F7-4A55-8916-96AE79B4657C}.Debug|Any CPU.Build.0 = Debug|Any CPU
		{8CC56946-92F7-4A55-8916-96AE79B4657C}.Release|Any CPU.ActiveCfg = Release|Any CPU
		{8CC56946-92F7-4A55-8916-96AE79B4657C}.Release|Any CPU.Build.0 = Release|Any CPU
	EndGlobalSection
	GlobalSection(SolutionProperties) = preSolution
		HideSolutionNode = FALSE
	EndGlobalSection
	GlobalSection(NestedProjects) = preSolution
		{072B6AA2-62FC-E304-27C5-072C7FE8406D} = {368BB913-9B9B-4BA5-A4E8-F4B123673F94}
		{CFA917A5-7F6F-243D-0EDD-98E32F0F3070} = {368BB913-9B9B-4BA5-A4E8-F4B123673F94}
		{B599CB92-36C2-464D-9E5A-5EFD41785C42} = {368BB913-9B9B-4BA5-A4E8-F4B123673F94}
		{4D0814C3-FFD3-4DE0-96EE-6E47268FB24B} = {368BB913-9B9B-4BA5-A4E8-F4B123673F94}
		{B30421BF-CF5B-90DB-1B63-44D751EB62E8} = {368BB913-9B9B-4BA5-A4E8-F4B123673F94}
		{9B49062A-1EAD-CD0F-A0F3-FC3047ED6133} = {368BB913-9B9B-4BA5-A4E8-F4B123673F94}
		{55148A3D-D8A7-47E1-3C13-137526A80AB1} = {1F300B35-41F9-4D57-B304-48F790EE7A5E}
		{7394B181-BB03-35A6-CCCB-6CDC8C8F8F96} = {1F300B35-41F9-4D57-B304-48F790EE7A5E}
		{7D19E395-FBD7-1202-B18C-B7D3EE9BAB93} = {1F300B35-41F9-4D57-B304-48F790EE7A5E}
		{66E86C33-8BA0-8216-C4D4-AACAC2A51C58} = {1F300B35-41F9-4D57-B304-48F790EE7A5E}
		{147BAF3D-C282-4A62-87E8-B8C460EDD9D2} = {DC257ACE-1569-4E43-87DC-3CA0D9E5590A}
		{02EA681E-C7D8-13C7-8484-4AC65E1B71E8} = {DC257ACE-1569-4E43-87DC-3CA0D9E5590A}
		{4CF1283A-9E42-54F9-4B57-69A87ECE134D} = {02EA681E-C7D8-13C7-8484-4AC65E1B71E8}
		{EB6898E1-F9F8-5121-1755-A2757227A574} = {02EA681E-C7D8-13C7-8484-4AC65E1B71E8}
		{0B6FEF31-2B25-A217-3A25-9EA8FF884352} = {02EA681E-C7D8-13C7-8484-4AC65E1B71E8}
		{3FF58F82-9FA9-8E30-A96A-9D3DBB6B1AE7} = {02EA681E-C7D8-13C7-8484-4AC65E1B71E8}
		{30354128-3ECC-4323-81B5-0FAA5D3126FA} = {DC257ACE-1569-4E43-87DC-3CA0D9E5590A}
		{0DD66A98-D99F-EABD-CD2D-55E0DEF6F84E} = {30354128-3ECC-4323-81B5-0FAA5D3126FA}
		{2C809E97-CC0B-03EF-4D8A-911FC0384FF1} = {30354128-3ECC-4323-81B5-0FAA5D3126FA}
		{F9F73FE8-6B74-A2E2-C6C4-846A427597D6} = {30354128-3ECC-4323-81B5-0FAA5D3126FA}
		{9EAEA127-67CE-6B4D-0023-7B05FD58DB17} = {30354128-3ECC-4323-81B5-0FAA5D3126FA}
		{1F9B311D-71A2-4B9E-91F8-5BCC95769BB0} = {DC257ACE-1569-4E43-87DC-3CA0D9E5590A}
		{B5EB5C29-6A46-DADC-1901-D696622E3AF6} = {1F9B311D-71A2-4B9E-91F8-5BCC95769BB0}
		{0A822A73-4A35-5836-60EB-0E19B0B7AF81} = {1F9B311D-71A2-4B9E-91F8-5BCC95769BB0}
		{4AD5C1EF-5815-D8A0-A14B-32AC510CD820} = {1F9B311D-71A2-4B9E-91F8-5BCC95769BB0}
		{F9B72F2E-96B6-D329-58A4-92CD973DDFA7} = {1F9B311D-71A2-4B9E-91F8-5BCC95769BB0}
		{C1CD5CBB-FB70-E30A-7C89-EEBA14011BB7} = {0844E510-A27F-4C44-AFCC-BEAB29CF2F90}
		{8CC56946-92F7-4A55-8916-96AE79B4657C} = {FEA36FA9-4CE4-4AA2-9C68-5DB7D87AD720}
	EndGlobalSection
	GlobalSection(ExtensibilityGlobals) = postSolution
		SolutionGuid = {2E4261BB-E228-45EE-8B97-B915C19C8A4F}
	EndGlobalSection
EndGlobal
